// !$*UTF8*$!
{
	archiveVersion = 1;
	classes = {
	};
	objectVersion = 56;
	objects = {

/* Begin PBXBuildFile section */
		115CCE9D29C9DA0500AEFB13 /* FavoriteButton.swift in Sources */ = {isa = PBXBuildFile; fileRef = 115CCE9C29C9DA0500AEFB13 /* FavoriteButton.swift */; };
		116D132729C340950006A4A1 /* LandmarksApp.swift in Sources */ = {isa = PBXBuildFile; fileRef = 116D132629C340950006A4A1 /* LandmarksApp.swift */; };
		116D132929C340950006A4A1 /* ContentView.swift in Sources */ = {isa = PBXBuildFile; fileRef = 116D132829C340950006A4A1 /* ContentView.swift */; };
		116D132B29C340960006A4A1 /* Assets.xcassets in Resources */ = {isa = PBXBuildFile; fileRef = 116D132A29C340960006A4A1 /* Assets.xcassets */; };
		116D132E29C340960006A4A1 /* Preview Assets.xcassets in Resources */ = {isa = PBXBuildFile; fileRef = 116D132D29C340960006A4A1 /* Preview Assets.xcassets */; };
		11C4BBE629C3510500E73654 /* CircleImage.swift in Sources */ = {isa = PBXBuildFile; fileRef = 11C4BBE529C3510500E73654 /* CircleImage.swift */; };
		11C4BBE829C3537400E73654 /* MapView.swift in Sources */ = {isa = PBXBuildFile; fileRef = 11C4BBE729C3537400E73654 /* MapView.swift */; };
		11C4BBEA29C4341700E73654 /* landmarkData.json in Resources */ = {isa = PBXBuildFile; fileRef = 11C4BBE929C4341700E73654 /* landmarkData.json */; };
		11C4BBEC29C4344F00E73654 /* Landmark.swift in Sources */ = {isa = PBXBuildFile; fileRef = 11C4BBEB29C4344F00E73654 /* Landmark.swift */; };
		11C4BBEE29C43E9000E73654 /* ModelData.swift in Sources */ = {isa = PBXBuildFile; fileRef = 11C4BBED29C43E9000E73654 /* ModelData.swift */; };
		11C4BBF429C5A0CB00E73654 /* LandmarkRow.swift in Sources */ = {isa = PBXBuildFile; fileRef = 11C4BBF329C5A0CB00E73654 /* LandmarkRow.swift */; };
		11C4BBF629C5A59900E73654 /* LandmarkList.swift in Sources */ = {isa = PBXBuildFile; fileRef = 11C4BBF529C5A59900E73654 /* LandmarkList.swift */; };
		11C4BBF829C5F9A200E73654 /* LandmarkDetail.swift in Sources */ = {isa = PBXBuildFile; fileRef = 11C4BBF729C5F9A200E73654 /* LandmarkDetail.swift */; };
/* End PBXBuildFile section */

/* Begin PBXFileReference section */
		115CCE9C29C9DA0500AEFB13 /* FavoriteButton.swift */ = {isa = PBXFileReference; lastKnownFileType = sourcecode.swift; path = FavoriteButton.swift; sourceTree = "<group>"; };
		116D132329C340950006A4A1 /* Landmarks.app */ = {isa = PBXFileReference; explicitFileType = wrapper.application; includeInIndex = 0; path = Landmarks.app; sourceTree = BUILT_PRODUCTS_DIR; };
		116D132629C340950006A4A1 /* LandmarksApp.swift */ = {isa = PBXFileReference; lastKnownFileType = sourcecode.swift; path = LandmarksApp.swift; sourceTree = "<group>"; };
		116D132829C340950006A4A1 /* ContentView.swift */ = {isa = PBXFileReference; lastKnownFileType = sourcecode.swift; path = ContentView.swift; sourceTree = "<group>"; };
		116D132A29C340960006A4A1 /* Assets.xcassets */ = {isa = PBXFileReference; lastKnownFileType = folder.assetcatalog; path = Assets.xcassets; sourceTree = "<group>"; };
		116D132D29C340960006A4A1 /* Preview Assets.xcassets */ = {isa = PBXFileReference; lastKnownFileType = folder.assetcatalog; path = "Preview Assets.xcassets"; sourceTree = "<group>"; };
		11C4BBE529C3510500E73654 /* CircleImage.swift */ = {isa = PBXFileReference; lastKnownFileType = sourcecode.swift; path = CircleImage.swift; sourceTree = "<group>"; };
		11C4BBE729C3537400E73654 /* MapView.swift */ = {isa = PBXFileReference; lastKnownFileType = sourcecode.swift; path = MapView.swift; sourceTree = "<group>"; };
		11C4BBE929C4341700E73654 /* landmarkData.json */ = {isa = PBXFileReference; fileEncoding = 4; lastKnownFileType = text.json; path = landmarkData.json; sourceTree = "<group>"; };
		11C4BBEB29C4344F00E73654 /* Landmark.swift */ = {isa = PBXFileReference; lastKnownFileType = sourcecode.swift; path = Landmark.swift; sourceTree = "<group>"; };
		11C4BBED29C43E9000E73654 /* ModelData.swift */ = {isa = PBXFileReference; lastKnownFileType = sourcecode.swift; path = ModelData.swift; sourceTree = "<group>"; };
		11C4BBF329C5A0CB00E73654 /* LandmarkRow.swift */ = {isa = PBXFileReference; lastKnownFileType = sourcecode.swift; path = LandmarkRow.swift; sourceTree = "<group>"; };
		11C4BBF529C5A59900E73654 /* LandmarkList.swift */ = {isa = PBXFileReference; lastKnownFileType = sourcecode.swift; path = LandmarkList.swift; sourceTree = "<group>"; };
		11C4BBF729C5F9A200E73654 /* LandmarkDetail.swift */ = {isa = PBXFileReference; lastKnownFileType = sourcecode.swift; path = LandmarkDetail.swift; sourceTree = "<group>"; };
/* End PBXFileReference section */

/* Begin PBXFrameworksBuildPhase section */
		116D132029C340950006A4A1 /* Frameworks */ = {
			isa = PBXFrameworksBuildPhase;
			buildActionMask = 2147483647;
			files = (
			);
			runOnlyForDeploymentPostprocessing = 0;
		};
/* End PBXFrameworksBuildPhase section */

/* Begin PBXGroup section */
		115CCE9E29C9DB1500AEFB13 /* Landmarks */ = {
			isa = PBXGroup;
			children = (
				11C4BBF529C5A59900E73654 /* LandmarkList.swift */,
				11C4BBF729C5F9A200E73654 /* LandmarkDetail.swift */,
				11C4BBF329C5A0CB00E73654 /* LandmarkRow.swift */,
			);
			path = Landmarks;
			sourceTree = "<group>";
		};
		115CCE9F29C9DB2700AEFB13 /* Helpers */ = {
			isa = PBXGroup;
			children = (
				115CCE9C29C9DA0500AEFB13 /* FavoriteButton.swift */,
				11C4BBE729C3537400E73654 /* MapView.swift */,
				11C4BBE529C3510500E73654 /* CircleImage.swift */,
			);
			path = Helpers;
			sourceTree = "<group>";
		};
		116D131A29C340950006A4A1 = {
			isa = PBXGroup;
			children = (
				116D132529C340950006A4A1 /* Landmarks */,
				116D132429C340950006A4A1 /* Products */,
			);
			sourceTree = "<group>";
		};
		116D132429C340950006A4A1 /* Products */ = {
			isa = PBXGroup;
			children = (
				116D132329C340950006A4A1 /* Landmarks.app */,
			);
			name = Products;
			sourceTree = "<group>";
		};
		116D132529C340950006A4A1 /* Landmarks */ = {
			isa = PBXGroup;
			children = (
				116D132629C340950006A4A1 /* LandmarksApp.swift */,
				11C4BBEF29C44AD300E73654 /* Views */,
				11C4BBF129C44B0800E73654 /* Model */,
				11C4BBF229C44B2600E73654 /* Resources */,
				116D132A29C340960006A4A1 /* Assets.xcassets */,
				116D132C29C340960006A4A1 /* Preview Content */,
			);
			path = Landmarks;
			sourceTree = "<group>";
		};
		116D132C29C340960006A4A1 /* Preview Content */ = {
			isa = PBXGroup;
			children = (
				116D132D29C340960006A4A1 /* Preview Assets.xcassets */,
			);
			path = "Preview Content";
			sourceTree = "<group>";
		};
		11C4BBEF29C44AD300E73654 /* Views */ = {
			isa = PBXGroup;
			children = (
				116D132829C340950006A4A1 /* ContentView.swift */,
				115CCE9E29C9DB1500AEFB13 /* Landmarks */,
				115CCE9F29C9DB2700AEFB13 /* Helpers */,
			);
			path = Views;
			sourceTree = "<group>";
		};
		11C4BBF129C44B0800E73654 /* Model */ = {
			isa = PBXGroup;
			children = (
				11C4BBEB29C4344F00E73654 /* Landmark.swift */,
				11C4BBED29C43E9000E73654 /* ModelData.swift */,
			);
			path = Model;
			sourceTree = "<group>";
		};
		11C4BBF229C44B2600E73654 /* Resources */ = {
			isa = PBXGroup;
			children = (
				11C4BBE929C4341700E73654 /* landmarkData.json */,
			);
			path = Resources;
			sourceTree = "<group>";
		};
/* End PBXGroup section */

/* Begin PBXNativeTarget section */
		116D132229C340950006A4A1 /* Landmarks */ = {
			isa = PBXNativeTarget;
			buildConfigurationList = 116D133129C340960006A4A1 /* Build configuration list for PBXNativeTarget "Landmarks" */;
			buildPhases = (
				116D131F29C340950006A4A1 /* Sources */,
				116D132029C340950006A4A1 /* Frameworks */,
				116D132129C340950006A4A1 /* Resources */,
			);
			buildRules = (
			);
			dependencies = (
			);
			name = Landmarks;
			productName = Landmarks;
			productReference = 116D132329C340950006A4A1 /* Landmarks.app */;
			productType = "com.apple.product-type.application";
		};
/* End PBXNativeTarget section */

/* Begin PBXProject section */
		116D131B29C340950006A4A1 /* Project object */ = {
			isa = PBXProject;
			attributes = {
				BuildIndependentTargetsInParallel = 1;
				LastSwiftUpdateCheck = 1420;
				LastUpgradeCheck = 1420;
				TargetAttributes = {
					116D132229C340950006A4A1 = {
						CreatedOnToolsVersion = 14.2;
					};
				};
			};
			buildConfigurationList = 116D131E29C340950006A4A1 /* Build configuration list for PBXProject "Landmarks" */;
			compatibilityVersion = "Xcode 14.0";
			developmentRegion = en;
			hasScannedForEncodings = 0;
			knownRegions = (
				en,
				Base,
			);
			mainGroup = 116D131A29C340950006A4A1;
			productRefGroup = 116D132429C340950006A4A1 /* Products */;
			projectDirPath = "";
			projectRoot = "";
			targets = (
				116D132229C340950006A4A1 /* Landmarks */,
			);
		};
/* End PBXProject section */

/* Begin PBXResourcesBuildPhase section */
		116D132129C340950006A4A1 /* Resources */ = {
			isa = PBXResourcesBuildPhase;
			buildActionMask = 2147483647;
			files = (
				116D132E29C340960006A4A1 /* Preview Assets.xcassets in Resources */,
				116D132B29C340960006A4A1 /* Assets.xcassets in Resources */,
				11C4BBEA29C4341700E73654 /* landmarkData.json in Resources */,
			);
			runOnlyForDeploymentPostprocessing = 0;
		};
/* End PBXResourcesBuildPhase section */

/* Begin PBXSourcesBuildPhase section */
		116D131F29C340950006A4A1 /* Sources */ = {
			isa = PBXSourcesBuildPhase;
			buildActionMask = 2147483647;
			files = (
				116D132929C340950006A4A1 /* ContentView.swift in Sources */,
				11C4BBE829C3537400E73654 /* MapView.swift in Sources */,
				116D132729C340950006A4A1 /* LandmarksApp.swift in Sources */,
				115CCE9D29C9DA0500AEFB13 /* FavoriteButton.swift in Sources */,
				11C4BBF629C5A59900E73654 /* LandmarkList.swift in Sources */,
				11C4BBF829C5F9A200E73654 /* LandmarkDetail.swift in Sources */,
				11C4BBE629C3510500E73654 /* CircleImage.swift in Sources */,
				11C4BBEC29C4344F00E73654 /* Landmark.swift in Sources */,
				11C4BBF429C5A0CB00E73654 /* LandmarkRow.swift in Sources */,
				11C4BBEE29C43E9000E73654 /* ModelData.swift in Sources */,
			);
			runOnlyForDeploymentPostprocessing = 0;
		};
/* End PBXSourcesBuildPhase section */

/* Begin XCBuildConfiguration section */
		116D132F29C340960006A4A1 /* Debug */ = {
			isa = XCBuildConfiguration;
			buildSettings = {
				ALWAYS_SEARCH_USER_PATHS = NO;
				CLANG_ANALYZER_NONNULL = YES;
				CLANG_ANALYZER_NUMBER_OBJECT_CONVERSION = YES_AGGRESSIVE;
				CLANG_CXX_LANGUAGE_STANDARD = "gnu++20";
				CLANG_ENABLE_MODULES = YES;
				CLANG_ENABLE_OBJC_ARC = YES;
				CLANG_ENABLE_OBJC_WEAK = YES;
				CLANG_WARN_BLOCK_CAPTURE_AUTORELEASING = YES;
				CLANG_WARN_BOOL_CONVERSION = YES;
				CLANG_WARN_COMMA = YES;
				CLANG_WARN_CONSTANT_CONVERSION = YES;
				CLANG_WARN_DEPRECATED_OBJC_IMPLEMENTATIONS = YES;
				CLANG_WARN_DIRECT_OBJC_ISA_USAGE = YES_ERROR;
				CLANG_WARN_DOCUMENTATION_COMMENTS = YES;
				CLANG_WARN_EMPTY_BODY = YES;
				CLANG_WARN_ENUM_CONVERSION = YES;
				CLANG_WARN_INFINITE_RECURSION = YES;
				CLANG_WARN_INT_CONVERSION = YES;
				CLANG_WARN_NON_LITERAL_NULL_CONVERSION = YES;
				CLANG_WARN_OBJC_IMPLICIT_RETAIN_SELF = YES;
				CLANG_WARN_OBJC_LITERAL_CONVERSION = YES;
				CLANG_WARN_OBJC_ROOT_CLASS = YES_ERROR;
				CLANG_WARN_QUOTED_INCLUDE_IN_FRAMEWORK_HEADER = YES;
				CLANG_WARN_RANGE_LOOP_ANALYSIS = YES;
				CLANG_WARN_STRICT_PROTOTYPES = YES;
				CLANG_WARN_SUSPICIOUS_MOVE = YES;
				CLANG_WARN_UNGUARDED_AVAILABILITY = YES_AGGRESSIVE;
				CLANG_WARN_UNREACHABLE_CODE = YES;
				CLANG_WARN__DUPLICATE_METHOD_MATCH = YES;
				COPY_PHASE_STRIP = NO;
				DEBUG_INFORMATION_FORMAT = dwarf;
				ENABLE_STRICT_OBJC_MSGSEND = YES;
				ENABLE_TESTABILITY = YES;
				GCC_C_LANGUAGE_STANDARD = gnu11;
				GCC_DYNAMIC_NO_PIC = NO;
				GCC_NO_COMMON_BLOCKS = YES;
				GCC_OPTIMIZATION_LEVEL = 0;
				GCC_PREPROCESSOR_DEFINITIONS = (
					"DEBUG=1",
					"$(inherited)",
				);
				GCC_WARN_64_TO_32_BIT_CONVERSION = YES;
				GCC_WARN_ABOUT_RETURN_TYPE = YES_ERROR;
				GCC_WARN_UNDECLARED_SELECTOR = YES;
				GCC_WARN_UNINITIALIZED_AUTOS = YES_AGGRESSIVE;
				GCC_WARN_UNUSED_FUNCTION = YES;
				GCC_WARN_UNUSED_VARIABLE = YES;
				IPHONEOS_DEPLOYMENT_TARGET = 16.2;
				MTL_ENABLE_DEBUG_INFO = INCLUDE_SOURCE;
				MTL_FAST_MATH = YES;
				ONLY_ACTIVE_ARCH = YES;
				SDKROOT = iphoneos;
				SWIFT_ACTIVE_COMPILATION_CONDITIONS = DEBUG;
				SWIFT_OPTIMIZATION_LEVEL = "-Onone";
			};
			name = Debug;
		};
		116D133029C340960006A4A1 /* Release */ = {
			isa = XCBuildConfiguration;
			buildSettings = {
				ALWAYS_SEARCH_USER_PATHS = NO;
				CLANG_ANALYZER_NONNULL = YES;
				CLANG_ANALYZER_NUMBER_OBJECT_CONVERSION = YES_AGGRESSIVE;
				CLANG_CXX_LANGUAGE_STANDARD = "gnu++20";
				CLANG_ENABLE_MODULES = YES;
				CLANG_ENABLE_OBJC_ARC = YES;
				CLANG_ENABLE_OBJC_WEAK = YES;
				CLANG_WARN_BLOCK_CAPTURE_AUTORELEASING = YES;
				CLANG_WARN_BOOL_CONVERSION = YES;
				CLANG_WARN_COMMA = YES;
				CLANG_WARN_CONSTANT_CONVERSION = YES;
				CLANG_WARN_DEPRECATED_OBJC_IMPLEMENTATIONS = YES;
				CLANG_WARN_DIRECT_OBJC_ISA_USAGE = YES_ERROR;
				CLANG_WARN_DOCUMENTATION_COMMENTS = YES;
				CLANG_WARN_EMPTY_BODY = YES;
				CLANG_WARN_ENUM_CONVERSION = YES;
				CLANG_WARN_INFINITE_RECURSION = YES;
				CLANG_WARN_INT_CONVERSION = YES;
				CLANG_WARN_NON_LITERAL_NULL_CONVERSION = YES;
				CLANG_WARN_OBJC_IMPLICIT_RETAIN_SELF = YES;
				CLANG_WARN_OBJC_LITERAL_CONVERSION = YES;
				CLANG_WARN_OBJC_ROOT_CLASS = YES_ERROR;
				CLANG_WARN_QUOTED_INCLUDE_IN_FRAMEWORK_HEADER = YES;
				CLANG_WARN_RANGE_LOOP_ANALYSIS = YES;
				CLANG_WARN_STRICT_PROTOTYPES = YES;
				CLANG_WARN_SUSPICIOUS_MOVE = YES;
				CLANG_WARN_UNGUARDED_AVAILABILITY = YES_AGGRESSIVE;
				CLANG_WARN_UNREACHABLE_CODE = YES;
				CLANG_WARN__DUPLICATE_METHOD_MATCH = YES;
				COPY_PHASE_STRIP = NO;
				DEBUG_INFORMATION_FORMAT = "dwarf-with-dsym";
				ENABLE_NS_ASSERTIONS = NO;
				ENABLE_STRICT_OBJC_MSGSEND = YES;
				GCC_C_LANGUAGE_STANDARD = gnu11;
				GCC_NO_COMMON_BLOCKS = YES;
				GCC_WARN_64_TO_32_BIT_CONVERSION = YES;
				GCC_WARN_ABOUT_RETURN_TYPE = YES_ERROR;
				GCC_WARN_UNDECLARED_SELECTOR = YES;
				GCC_WARN_UNINITIALIZED_AUTOS = YES_AGGRESSIVE;
				GCC_WARN_UNUSED_FUNCTION = YES;
				GCC_WARN_UNUSED_VARIABLE = YES;
				IPHONEOS_DEPLOYMENT_TARGET = 16.2;
				MTL_ENABLE_DEBUG_INFO = NO;
				MTL_FAST_MATH = YES;
				SDKROOT = iphoneos;
				SWIFT_COMPILATION_MODE = wholemodule;
				SWIFT_OPTIMIZATION_LEVEL = "-O";
				VALIDATE_PRODUCT = YES;
			};
			name = Release;
		};
		116D133229C340960006A4A1 /* Debug */ = {
			isa = XCBuildConfiguration;
			buildSettings = {
				ASSETCATALOG_COMPILER_APPICON_NAME = AppIcon;
				ASSETCATALOG_COMPILER_GLOBAL_ACCENT_COLOR_NAME = AccentColor;
				CODE_SIGN_STYLE = Automatic;
				CURRENT_PROJECT_VERSION = 1;
				DEVELOPMENT_ASSET_PATHS = "\"Landmarks/Preview Content\"";
				ENABLE_PREVIEWS = YES;
				GENERATE_INFOPLIST_FILE = YES;
				INFOPLIST_KEY_UIApplicationSceneManifest_Generation = YES;
				INFOPLIST_KEY_UIApplicationSupportsIndirectInputEvents = YES;
				INFOPLIST_KEY_UILaunchScreen_Generation = YES;
				INFOPLIST_KEY_UISupportedInterfaceOrientations_iPad = "UIInterfaceOrientationPortrait UIInterfaceOrientationPortraitUpsideDown UIInterfaceOrientationLandscapeLeft UIInterfaceOrientationLandscapeRight";
				INFOPLIST_KEY_UISupportedInterfaceOrientations_iPhone = "UIInterfaceOrientationPortrait UIInterfaceOrientationLandscapeLeft UIInterfaceOrientationLandscapeRight";
				LD_RUNPATH_SEARCH_PATHS = (
					"$(inherited)",
					"@executable_path/Frameworks",
				);
				MARKETING_VERSION = 1.0;
				PRODUCT_BUNDLE_IDENTIFIER = "com.example.apple-samplecode.Landmarks";
				PRODUCT_NAME = "$(TARGET_NAME)";
				SWIFT_EMIT_LOC_STRINGS = YES;
				SWIFT_VERSION = 5.0;
				TARGETED_DEVICE_FAMILY = "1,2";
			};
			name = Debug;
		};
		116D133329C340960006A4A1 /* Release */ = {
			isa = XCBuildConfiguration;
			buildSettings = {
				ASSETCATALOG_COMPILER_APPICON_NAME = AppIcon;
				ASSETCATALOG_COMPILER_GLOBAL_ACCENT_COLOR_NAME = AccentColor;
				CODE_SIGN_STYLE = Automatic;
				CURRENT_PROJECT_VERSION = 1;
				DEVELOPMENT_ASSET_PATHS = "\"Landmarks/Preview Content\"";
				ENABLE_PREVIEWS = YES;
				GENERATE_INFOPLIST_FILE = YES;
				INFOPLIST_KEY_UIApplicationSceneManifest_Generation = YES;
				INFOPLIST_KEY_UIApplicationSupportsIndirectInputEvents = YES;
				INFOPLIST_KEY_UILaunchScreen_Generation = YES;
				INFOPLIST_KEY_UISupportedInterfaceOrientations_iPad = "UIInterfaceOrientationPortrait UIInterfaceOrientationPortraitUpsideDown UIInterfaceOrientationLandscapeLeft UIInterfaceOrientationLandscapeRight";
				INFOPLIST_KEY_UISupportedInterfaceOrientations_iPhone = "UIInterfaceOrientationPortrait UIInterfaceOrientationLandscapeLeft UIInterfaceOrientationLandscapeRight";
				LD_RUNPATH_SEARCH_PATHS = (
					"$(inherited)",
					"@executable_path/Frameworks",
				);
				MARKETING_VERSION = 1.0;
				PRODUCT_BUNDLE_IDENTIFIER = "com.example.apple-samplecode.Landmarks";
				PRODUCT_NAME = "$(TARGET_NAME)";
				SWIFT_EMIT_LOC_STRINGS = YES;
				SWIFT_VERSION = 5.0;
				TARGETED_DEVICE_FAMILY = "1,2";
			};
			name = Release;
		};
/* End XCBuildConfiguration section */

/* Begin XCConfigurationList section */
		116D131E29C340950006A4A1 /* Build configuration list for PBXProject "Landmarks" */ = {
			isa = XCConfigurationList;
			buildConfigurations = (
				116D132F29C340960006A4A1 /* Debug */,
				116D133029C340960006A4A1 /* Release */,
			);
			defaultConfigurationIsVisible = 0;
			defaultConfigurationName = Release;
		};
		116D133129C340960006A4A1 /* Build configuration list for PBXNativeTarget "Landmarks" */ = {
			isa = XCConfigurationList;
			buildConfigurations = (
				116D133229C340960006A4A1 /* Debug */,
				116D133329C340960006A4A1 /* Release */,
			);
			defaultConfigurationIsVisible = 0;
			defaultConfigurationName = Release;
		};
/* End XCConfigurationList section */
	};
	rootObject = 116D131B29C340950006A4A1 /* Project object */;
}
